
Microsoft Visual Studio Solution File, Format Version 12.00
# Visual Studio Version 16
VisualStudioVersion = 16.0.32929.386
MinimumVisualStudioVersion = 10.0.40219.1
Project("{FAE04EC0-301F-11D3-BF4B-00C04F79EFBC}") = "CSharpIntermediate", "CSharpIntermediate\CSharpIntermediate.csproj", "{203B8B16-CA2A-41D7-B3AC-FB6C1339521A}"
EndProject
Global
	GlobalSection(SolutionConfigurationPlatforms) = preSolution
		Debug|Any CPU = Debug|Any CPU
		Release|Any CPU = Release|Any CPU
	EndGlobalSection
	GlobalSection(ProjectConfigurationPlatforms) = postSolution
		{203B8B16-CA2A-41D7-B3AC-FB6C1339521A}.Debug|Any CPU.ActiveCfg = Debug|Any CPU
		{203B8B16-CA2A-41D7-B3AC-FB6C1339521A}.Debug|Any CPU.Build.0 = Debug|Any CPU
		{203B8B16-CA2A-41D7-B3AC-FB6C1339521A}.Release|Any CPU.ActiveCfg = Release|Any CPU
		{203B8B16-CA2A-41D7-B3AC-FB6C1339521A}.Release|Any CPU.Build.0 = Release|Any CPU
	EndGlobalSection
	GlobalSection(SolutionProperties) = preSolution
		HideSolutionNode = FALSE
	EndGlobalSection
	GlobalSection(ExtensibilityGlobals) = postSolution
		SolutionGuid = {EA8C240A-1E1D-4A8B-A657-517E92561B63}
	EndGlobalSection
EndGlobal
